# THIS IS AN AUTOGENERATED FILE. DO NOT EDIT THIS FILE DIRECTLY.
# yarn lockfile v1


"@babel/runtime@^7.8.4":
  version "7.22.3"
  resolved "https://registry.yarnpkg.com/@babel/runtime/-/runtime-7.22.3.tgz#0a7fce51d43adbf0f7b517a71f4c3aaca92ebcbb"
  integrity sha512-XsDuspWKLUsxwCp6r7EhsExHtYfbe5oAGQ19kqngTdCPUoPQzOPdUbD/pB9PJiwb2ptYKQDjSJT3R6dC+EPqfQ==
  dependencies:
    regenerator-runtime "^0.13.11"

"@reach/auto-id@^0.18.0":
  version "0.18.0"
  resolved "https://registry.yarnpkg.com/@reach/auto-id/-/auto-id-0.18.0.tgz#4b97085cd1cf1360a9bedc6e9c78e97824014f0d"
  integrity sha512-XwY1IwhM7mkHZFghhjiqjQ6dstbOdpbFLdggeke75u8/8icT8uEHLbovFUgzKjy9qPvYwZIB87rLiR8WdtOXCg==
  dependencies:
    "@reach/utils" "0.18.0"

"@reach/utils@0.18.0":
  version "0.18.0"
  resolved "https://registry.yarnpkg.com/@reach/utils/-/utils-0.18.0.tgz#4f3cebe093dd436eeaff633809bf0f68f4f9d2ee"
  integrity sha512-KdVMdpTgDyK8FzdKO9SCpiibuy/kbv3pwgfXshTI6tEcQT1OOwj7BAksnzGC0rPz0UholwC+AgkqEl3EJX3M1A==

regenerator-runtime@^0.13.11:
  version "0.13.11"
  resolved "https://registry.yarnpkg.com/regenerator-runtime/-/regenerator-runtime-0.13.11.tgz#f6dca3e7ceec20590d07ada785636a90cdca17f9"
  integrity sha512-kY1AZVr2Ra+t+piVaJ4gxaFaReZVH40AKNo7UCX6W+dEwBo/2oZJzqfuN1qLq1oL45o56cPaTXELwrTh8Fpggg==
