# THIS IS AN AUTOGENERATED FILE. DO NOT EDIT THIS FILE DIRECTLY.
# yarn lockfile v1


"@babel/runtime@^7.8.4":
  version "7.8.4"
  resolved "https://registry.yarnpkg.com/@babel/runtime/-/runtime-7.8.4.tgz#d79f5a2040f7caa24d53e563aad49cbc05581308"
  integrity sha512-neAp3zt80trRVBI1x0azq6c57aNBqYZH8KhMm3TaB7wEI5Q4A2SHfBHE8w9gOhI/lrqxtEbXZgQIrHP+wvSGwQ==
  dependencies:
    regenerator-runtime "^0.13.2"

"@reach/auto-id@^0.16.0":
  version "0.16.0"
  resolved "https://registry.yarnpkg.com/@reach/auto-id/-/auto-id-0.16.0.tgz#dfabc3227844e8c04f8e6e45203a8e14a8edbaed"
  integrity sha512-5ssbeP5bCkM39uVsfQCwBBL+KT8YColdnMN5/Eto6Rj7929ql95R3HZUOkKIvj7mgPtEb60BLQxd1P3o6cjbmg==
  dependencies:
    "@reach/utils" "0.16.0"
    tslib "^2.3.0"

"@reach/utils@0.16.0":
  version "0.16.0"
  resolved "https://registry.yarnpkg.com/@reach/utils/-/utils-0.16.0.tgz#5b0777cf16a7cab1ddd4728d5d02762df0ba84ce"
  integrity sha512-PCggBet3qaQmwFNcmQ/GqHSefadAFyNCUekq9RrWoaU9hh/S4iaFgf2MBMdM47eQj5i/Bk0Mm07cP/XPFlkN+Q==
  dependencies:
    tiny-warning "^1.0.3"
    tslib "^2.3.0"

regenerator-runtime@^0.13.2:
  version "0.13.3"
  resolved "https://registry.yarnpkg.com/regenerator-runtime/-/regenerator-runtime-0.13.3.tgz#7cf6a77d8f5c6f60eb73c5fc1955b2ceb01e6bf5"
  integrity sha512-naKIZz2GQ8JWh///G7L3X6LaQUAMp2lvb1rvwwsURe/VXwD6VMfr+/1NuNw3ag8v2kY1aQ/go5SNn79O9JU7yw==

tiny-warning@^1.0.3:
  version "1.0.3"
  resolved "https://registry.yarnpkg.com/tiny-warning/-/tiny-warning-1.0.3.tgz#94a30db453df4c643d0fd566060d60a875d84754"
  integrity sha512-lBN9zLN/oAf68o3zNXYrdCt1kP8WsiGW8Oo2ka41b2IM5JL/S1CTyX1rW0mb/zSuJun0ZUrDxx4sqvYS2FWzPA==

tslib@^2.3.0:
  version "2.3.1"
  resolved "https://registry.yarnpkg.com/tslib/-/tslib-2.3.1.tgz#e8a335add5ceae51aa261d32a490158ef042ef01"
  integrity sha512-77EbyPPpMz+FRFRuAFlWMtmgUWGe9UOG2Z25NqCwiIjRhOf5iKGuzSe5P2w1laq+FkRy4p+PCuVkJSGkzTEKVw==
