# THIS IS AN AUTOGENERATED FILE. DO NOT EDIT THIS FILE DIRECTLY.
# yarn lockfile v1


"@babel/runtime@^7.5.5":
  version "7.6.3"
  resolved "https://registry.yarnpkg.com/@babel/runtime/-/runtime-7.6.3.tgz#935122c74c73d2240cafd32ddb5fc2a6cd35cf1f"
  integrity sha512-kq6anf9JGjW8Nt5rYfEuGRaEAaH1mkv3Bbu6rYvLOpPh/RusSJXuKPEAoZ7L7gybZkchE8+NV5g9vKF4AGAtsA==
  dependencies:
    regenerator-runtime "^0.13.2"

"@types/tabbable@3.1.0":
  version "3.1.0"
  resolved "https://registry.yarnpkg.com/@types/tabbable/-/tabbable-3.1.0.tgz#540d4c2729872560badcc220e73c9412c1d2bffe"
  integrity sha512-LL0q/bTlzseaXQ8j91eZ+Z8FQUzo0nwkng00B8365qULvFyiSOWylxV8m31Gmee3QuidkDqR72a9NRfR8s4qTw==

csstype@^2.6.6:
  version "2.6.7"
  resolved "https://registry.yarnpkg.com/csstype/-/csstype-2.6.7.tgz#20b0024c20b6718f4eda3853a1f5a1cce7f5e4a5"
  integrity sha512-9Mcn9sFbGBAdmimWb2gLVDtFJzeKtDGIr76TUqmjZrw9LFXBMSU70lcs+C0/7fyCd6iBDqmksUcCOUIkisPHsQ==

dom-helpers@^5.1.0:
  version "5.1.0"
  resolved "https://registry.yarnpkg.com/dom-helpers/-/dom-helpers-5.1.0.tgz#57a726de04abcc2a8bbfe664b3e21c584bde514e"
  integrity sha512-zRRYDhpiKuAJHasOqCm7lBnsd22nrM4+OYI4ASWCxen+ocTMl7BIAKgGag97TlLiTl6rrau5aPe1VGUm9jQBng==
  dependencies:
    "@babel/runtime" "^7.5.5"
    csstype "^2.6.6"

regenerator-runtime@^0.13.2:
  version "0.13.3"
  resolved "https://registry.yarnpkg.com/regenerator-runtime/-/regenerator-runtime-0.13.3.tgz#7cf6a77d8f5c6f60eb73c5fc1955b2ceb01e6bf5"
  integrity sha512-naKIZz2GQ8JWh///G7L3X6LaQUAMp2lvb1rvwwsURe/VXwD6VMfr+/1NuNw3ag8v2kY1aQ/go5SNn79O9JU7yw==

tabbable@^4.0.0:
  version "4.0.0"
  resolved "https://registry.yarnpkg.com/tabbable/-/tabbable-4.0.0.tgz#5bff1d1135df1482cf0f0206434f15eadbeb9261"
  integrity sha512-H1XoH1URcBOa/rZZWxLxHCtOdVUEev+9vo5YdYhC9tCY4wnybX+VQrCYuy9ubkg69fCBxCONJOSLGfw0DWMffQ==
