# THIS IS AN AUTOGENERATED FILE. DO NOT EDIT THIS FILE DIRECTLY.
# yarn lockfile v1


react-uid@^2.2.0:
  version "2.2.0"
  resolved "https://registry.yarnpkg.com/react-uid/-/react-uid-2.2.0.tgz#0f77e1e0594fbf29fc4fe528cc9aa415c5bf9159"
  integrity sha512-z+g5+hFOQ08hCfrGcJ1PNs+cmvH8Uq2CVzCmPeWBsUi5A4W4NWXR5jouledzy3oSKGMU9HOzf8zFuGi15TXJoQ==
