# THIS IS AN AUTOGENERATED FILE. DO NOT EDIT THIS FILE DIRECTLY.
# yarn lockfile v1


"@babel/runtime@^7.8.4":
  version "7.22.6"
  resolved "https://registry.yarnpkg.com/@babel/runtime/-/runtime-7.22.6.tgz#57d64b9ae3cff1d67eb067ae117dac087f5bd438"
  integrity sha512-wDb5pWm4WDdF6LFUde3Jl8WzPA+3ZbxYqkC6xAXuD3irdEHN1k0NfTRrJD8ZD378SJ61miMLCqIOXYhd8x+AJQ==
  dependencies:
    regenerator-runtime "^0.13.11"

"@reach/auto-id@^0.18.0":
  version "0.18.0"
  resolved "https://registry.yarnpkg.com/@reach/auto-id/-/auto-id-0.18.0.tgz#4b97085cd1cf1360a9bedc6e9c78e97824014f0d"
  integrity sha512-XwY1IwhM7mkHZFghhjiqjQ6dstbOdpbFLdggeke75u8/8icT8uEHLbovFUgzKjy9qPvYwZIB87rLiR8WdtOXCg==
  dependencies:
    "@reach/utils" "0.18.0"

"@reach/utils@0.18.0":
  version "0.18.0"
  resolved "https://registry.yarnpkg.com/@reach/utils/-/utils-0.18.0.tgz#4f3cebe093dd436eeaff633809bf0f68f4f9d2ee"
  integrity sha512-KdVMdpTgDyK8FzdKO9SCpiibuy/kbv3pwgfXshTI6tEcQT1OOwj7BAksnzGC0rPz0UholwC+AgkqEl3EJX3M1A==

"@types/lodash.pickby@^4.6.7":
  version "4.6.7"
  resolved "https://registry.yarnpkg.com/@types/lodash.pickby/-/lodash.pickby-4.6.7.tgz#fd089a5a7f8cbe7294ae5c90ea5ecd9f4cae4d2c"
  integrity sha512-4ebXRusuLflfscbD0PUX4eVknDHD9Yf+uMtBIvA/hrnTqeAzbuHuDjvnYriLjUrI9YrhCPVKUf4wkRSXJQ6gig==
  dependencies:
    "@types/lodash" "*"

"@types/lodash@*":
  version "4.14.197"
  resolved "https://registry.yarnpkg.com/@types/lodash/-/lodash-4.14.197.tgz#e95c5ddcc814ec3e84c891910a01e0c8a378c54b"
  integrity sha512-BMVOiWs0uNxHVlHBgzTIqJYmj+PgCo4euloGF+5m4okL3rEYzM2EEv78mw8zWSMM57dM7kVIgJ2QDvwHSoCI5g==

"@zendeskgarden/container-selection@^3.0.2":
  version "3.0.2"
  resolved "https://registry.yarnpkg.com/@zendeskgarden/container-selection/-/container-selection-3.0.2.tgz#82befe2acb10100c416b61d7b222cfb25bcfd07e"
  integrity sha512-y65jm0zkyEfJBU90K71TNf10yF0Krfe/qJqkjnXZoGx6qnKfj7zZbCrV3n4ktldsueQZBBTn48rYUJJt58x02g==
  dependencies:
    "@babel/runtime" "^7.8.4"
    "@zendeskgarden/container-utilities" "^1.0.8"

"@zendeskgarden/container-utilities@^1.0.8":
  version "1.0.8"
  resolved "https://registry.yarnpkg.com/@zendeskgarden/container-utilities/-/container-utilities-1.0.8.tgz#c2e59d355080cfcb2b9a516c53ddda604e9b34fc"
  integrity sha512-7ERJtrnaVUD+qOnp8XTlofuV67+j5XleVRXJy1QmVi/Yy/usqjcCFpMosZnYVMgDHmJgvHomUyqTNvKdgqwfrg==
  dependencies:
    "@babel/runtime" "^7.8.4"
    "@reach/auto-id" "^0.18.0"

lodash.pickby@^4.6.0:
  version "4.6.0"
  resolved "https://registry.yarnpkg.com/lodash.pickby/-/lodash.pickby-4.6.0.tgz#7dea21d8c18d7703a27c704c15d3b84a67e33aff"
  integrity sha512-AZV+GsS/6ckvPOVQPXSiFFacKvKB4kOQu6ynt9wz0F3LO4R9Ij4K1ddYsIytDpSgLz88JHd9P+oaLeej5/Sl7Q==

regenerator-runtime@^0.13.11:
  version "0.13.11"
  resolved "https://registry.yarnpkg.com/regenerator-runtime/-/regenerator-runtime-0.13.11.tgz#f6dca3e7ceec20590d07ada785636a90cdca17f9"
  integrity sha512-kY1AZVr2Ra+t+piVaJ4gxaFaReZVH40AKNo7UCX6W+dEwBo/2oZJzqfuN1qLq1oL45o56cPaTXELwrTh8Fpggg==
