# THIS IS AN AUTOGENERATED FILE. DO NOT EDIT THIS FILE DIRECTLY.
# yarn lockfile v1


"@babel/runtime@^7.8.4":
  version "7.16.0"
  resolved "https://registry.yarnpkg.com/@babel/runtime/-/runtime-7.16.0.tgz#e27b977f2e2088ba24748bf99b5e1dece64e4f0b"
  integrity sha512-Nht8L0O8YCktmsDV6FqFue7vQLRx3Hb0B37lS5y0jDRqRxlBG4wIJHnf9/bgSE2UyipKFA01YtS+npRdTWBUyw==
  dependencies:
    regenerator-runtime "^0.13.4"

regenerator-runtime@^0.13.4:
  version "0.13.9"
  resolved "https://registry.yarnpkg.com/regenerator-runtime/-/regenerator-runtime-0.13.9.tgz#8925742a98ffd90814988d7566ad30ca3b263b52"
  integrity sha512-p3VT+cOEgxFsRRA9X4lkI1E+k2/CtnKtU4gcxyaCUreilL/vqI6CdZ3wxVUx3UOUg+gnUOQQcRI7BmSI656MYA==
