# THIS IS AN AUTOGENERATED FILE. DO NOT EDIT THIS FILE DIRECTLY.
# yarn lockfile v1


"@babel/runtime@^7.8.4":
  version "7.14.8"
  resolved "https://registry.yarnpkg.com/@babel/runtime/-/runtime-7.14.8.tgz#7119a56f421018852694290b9f9148097391b446"
  integrity sha512-twj3L8Og5SaCRCErB4x4ajbvBIVV77CGeFglHpeg5WC5FF8TZzBWXtTJ4MqaD9QszLYTtr+IsaAL2rEUevb+eg==
  dependencies:
    regenerator-runtime "^0.13.4"

"@reach/auto-id@^0.16.0":
  version "0.16.0"
  resolved "https://registry.yarnpkg.com/@reach/auto-id/-/auto-id-0.16.0.tgz#dfabc3227844e8c04f8e6e45203a8e14a8edbaed"
  integrity sha512-5ssbeP5bCkM39uVsfQCwBBL+KT8YColdnMN5/Eto6Rj7929ql95R3HZUOkKIvj7mgPtEb60BLQxd1P3o6cjbmg==
  dependencies:
    "@reach/utils" "0.16.0"
    tslib "^2.3.0"

"@reach/utils@0.16.0":
  version "0.16.0"
  resolved "https://registry.yarnpkg.com/@reach/utils/-/utils-0.16.0.tgz#5b0777cf16a7cab1ddd4728d5d02762df0ba84ce"
  integrity sha512-PCggBet3qaQmwFNcmQ/GqHSefadAFyNCUekq9RrWoaU9hh/S4iaFgf2MBMdM47eQj5i/Bk0Mm07cP/XPFlkN+Q==
  dependencies:
    tiny-warning "^1.0.3"
    tslib "^2.3.0"

"@zendeskgarden/container-utilities@^0.6.1":
  version "0.6.1"
  resolved "https://registry.yarnpkg.com/@zendeskgarden/container-utilities/-/container-utilities-0.6.1.tgz#a786189a6b1f328ab3f608d89a12a17a5457a7af"
  integrity sha512-eoTlYIJQ7NmAQT2Q5qXrPEZULzS3y/2AyQDImYvA3aep7sMrEid59+RFsLHM0CBnygND4rJi54LPOP8bWvxetQ==
  dependencies:
    "@babel/runtime" "^7.8.4"
    "@reach/auto-id" "^0.16.0"

regenerator-runtime@^0.13.4:
  version "0.13.9"
  resolved "https://registry.yarnpkg.com/regenerator-runtime/-/regenerator-runtime-0.13.9.tgz#8925742a98ffd90814988d7566ad30ca3b263b52"
  integrity sha512-p3VT+cOEgxFsRRA9X4lkI1E+k2/CtnKtU4gcxyaCUreilL/vqI6CdZ3wxVUx3UOUg+gnUOQQcRI7BmSI656MYA==

tiny-warning@^1.0.3:
  version "1.0.3"
  resolved "https://registry.yarnpkg.com/tiny-warning/-/tiny-warning-1.0.3.tgz#94a30db453df4c643d0fd566060d60a875d84754"
  integrity sha512-lBN9zLN/oAf68o3zNXYrdCt1kP8WsiGW8Oo2ka41b2IM5JL/S1CTyX1rW0mb/zSuJun0ZUrDxx4sqvYS2FWzPA==

tslib@^2.3.0:
  version "2.3.1"
  resolved "https://registry.yarnpkg.com/tslib/-/tslib-2.3.1.tgz#e8a335add5ceae51aa261d32a490158ef042ef01"
  integrity sha512-77EbyPPpMz+FRFRuAFlWMtmgUWGe9UOG2Z25NqCwiIjRhOf5iKGuzSe5P2w1laq+FkRy4p+PCuVkJSGkzTEKVw==
