# THIS IS AN AUTOGENERATED FILE. DO NOT EDIT THIS FILE DIRECTLY.
# yarn lockfile v1


"@babel/runtime@^7.8.4":
  version "7.16.0"
  resolved "https://registry.yarnpkg.com/@babel/runtime/-/runtime-7.16.0.tgz#e27b977f2e2088ba24748bf99b5e1dece64e4f0b"
  integrity sha512-Nht8L0O8YCktmsDV6FqFue7vQLRx3Hb0B37lS5y0jDRqRxlBG4wIJHnf9/bgSE2UyipKFA01YtS+npRdTWBUyw==
  dependencies:
    regenerator-runtime "^0.13.4"

"@babel/runtime@^7.8.7":
  version "7.18.3"
  resolved "https://registry.yarnpkg.com/@babel/runtime/-/runtime-7.18.3.tgz#c7b654b57f6f63cf7f8b418ac9ca04408c4579f4"
  integrity sha512-38Y8f7YUhce/K7RMwTp7m0uCumpv9hZkitCbBClqQIow1qSbCvGkcegKOXpEWCQLfWmevgRiWokZ1GkpfhbZug==
  dependencies:
    regenerator-runtime "^0.13.4"

"@reach/auto-id@^0.16.0":
  version "0.16.0"
  resolved "https://registry.yarnpkg.com/@reach/auto-id/-/auto-id-0.16.0.tgz#dfabc3227844e8c04f8e6e45203a8e14a8edbaed"
  integrity sha512-5ssbeP5bCkM39uVsfQCwBBL+KT8YColdnMN5/Eto6Rj7929ql95R3HZUOkKIvj7mgPtEb60BLQxd1P3o6cjbmg==
  dependencies:
    "@reach/utils" "0.16.0"
    tslib "^2.3.0"

"@reach/utils@0.16.0":
  version "0.16.0"
  resolved "https://registry.yarnpkg.com/@reach/utils/-/utils-0.16.0.tgz#5b0777cf16a7cab1ddd4728d5d02762df0ba84ce"
  integrity sha512-PCggBet3qaQmwFNcmQ/GqHSefadAFyNCUekq9RrWoaU9hh/S4iaFgf2MBMdM47eQj5i/Bk0Mm07cP/XPFlkN+Q==
  dependencies:
    tiny-warning "^1.0.3"
    tslib "^2.3.0"

"@zendeskgarden/container-focusjail@^1.4.13":
  version "1.4.13"
  resolved "https://registry.yarnpkg.com/@zendeskgarden/container-focusjail/-/container-focusjail-1.4.13.tgz#63ff624a2e2bfaf630911b061e13caa0ef4377e8"
  integrity sha512-JE0CaZfvLwu/TaPoIhUJBeNeKnHRF71hEPABOwm4FVzEUTNJH8tYDQjliyJIpu8ARAXbHRpguPOl74enRHe8Cg==
  dependencies:
    "@babel/runtime" "^7.8.4"
    "@zendeskgarden/container-utilities" "^0.7.1"
    dom-helpers "^5.1.0"
    tabbable "^5.0.0"

"@zendeskgarden/container-utilities@^0.7.1":
  version "0.7.1"
  resolved "https://registry.yarnpkg.com/@zendeskgarden/container-utilities/-/container-utilities-0.7.1.tgz#de9d02b82e9e29dfa209aac1bfad83ff868aeb9e"
  integrity sha512-L+OOI2FfqlNb1LVDtGFrnxNEwxaM+LrL1dy1r3wKakUZ2ww1FbrcHWjnF07WLHa56l7ufNjLvqahZdpHNHEE6Q==
  dependencies:
    "@babel/runtime" "^7.8.4"
    "@reach/auto-id" "^0.16.0"

csstype@^3.0.2:
  version "3.1.0"
  resolved "https://registry.yarnpkg.com/csstype/-/csstype-3.1.0.tgz#4ddcac3718d787cf9df0d1b7d15033925c8f29f2"
  integrity sha512-uX1KG+x9h5hIJsaKR9xHUeUraxf8IODOwq9JLNPq6BwB04a/xgpq3rcx47l5BZu5zBPlgD342tdke3Hom/nJRA==

dom-helpers@^5.1.0:
  version "5.2.1"
  resolved "https://registry.yarnpkg.com/dom-helpers/-/dom-helpers-5.2.1.tgz#d9400536b2bf8225ad98fe052e029451ac40e902"
  integrity sha512-nRCa7CK3VTrM2NmGkIy4cbK7IZlgBE/PYMn55rrXefr5xXDP0LdtfPnblFDoVdcAfslJ7or6iqAUnx0CCGIWQA==
  dependencies:
    "@babel/runtime" "^7.8.7"
    csstype "^3.0.2"

regenerator-runtime@^0.13.4:
  version "0.13.9"
  resolved "https://registry.yarnpkg.com/regenerator-runtime/-/regenerator-runtime-0.13.9.tgz#8925742a98ffd90814988d7566ad30ca3b263b52"
  integrity sha512-p3VT+cOEgxFsRRA9X4lkI1E+k2/CtnKtU4gcxyaCUreilL/vqI6CdZ3wxVUx3UOUg+gnUOQQcRI7BmSI656MYA==

tabbable@^5.0.0:
  version "5.3.3"
  resolved "https://registry.yarnpkg.com/tabbable/-/tabbable-5.3.3.tgz#aac0ff88c73b22d6c3c5a50b1586310006b47fbf"
  integrity sha512-QD9qKY3StfbZqWOPLp0++pOrAVb/HbUi5xCc8cUo4XjP19808oaMiDzn0leBY5mCespIBM0CIZePzZjgzR83kA==

tiny-warning@^1.0.3:
  version "1.0.3"
  resolved "https://registry.yarnpkg.com/tiny-warning/-/tiny-warning-1.0.3.tgz#94a30db453df4c643d0fd566060d60a875d84754"
  integrity sha512-lBN9zLN/oAf68o3zNXYrdCt1kP8WsiGW8Oo2ka41b2IM5JL/S1CTyX1rW0mb/zSuJun0ZUrDxx4sqvYS2FWzPA==

tslib@^2.3.0:
  version "2.4.0"
  resolved "https://registry.yarnpkg.com/tslib/-/tslib-2.4.0.tgz#7cecaa7f073ce680a05847aa77be941098f36dc3"
  integrity sha512-d6xOpEDfsi2CZVlPQzGeux8XMwLT9hssAsaPYExaQMuYskwb+x1x7J371tWlbBdWHroy99KnVB6qIkUbs5X3UQ==
