# THIS IS AN AUTOGENERATED FILE. DO NOT EDIT THIS FILE DIRECTLY.
# yarn lockfile v1


react-uid@^2.2.0:
  version "2.3.3"
  resolved "https://registry.yarnpkg.com/react-uid/-/react-uid-2.3.3.tgz#6a485ccc868555997f3506c6db97a3e735d97adf"
  integrity sha512-iNpDovcb9qBpBTo8iUgqRSQOS8GV3bWoNaTaUptHkXtAooXSo0OWe7vN6TqqB8x3x0bNBbQx96kkmSltQ5h9kQ==
  dependencies:
    tslib "^2.0.0"

tslib@^2.0.0:
  version "2.5.3"
  resolved "https://registry.yarnpkg.com/tslib/-/tslib-2.5.3.tgz#24944ba2d990940e6e982c4bea147aba80209913"
  integrity sha512-mSxlJJwl3BMEQCUNnxXBU9jP4JBktcEGhURcPR6VQVlnP0FdDEsIaz0C35dXNGLyRfrATNofF0F5p2KPxQgB+w==
