# THIS IS AN AUTOGENERATED FILE. DO NOT EDIT THIS FILE DIRECTLY.
# yarn lockfile v1


"@babel/runtime@^7.8.4":
  version "7.23.1"
  resolved "https://registry.yarnpkg.com/@babel/runtime/-/runtime-7.23.1.tgz#72741dc4d413338a91dcb044a86f3c0bc402646d"
  integrity sha512-hC2v6p8ZSI/W0HUzh3V8C5g+NwSKzKPtJwSpTjwl0o297GP9+ZLQSkdvHz46CM3LqyoXxq+5G9komY+eSqSO0g==
  dependencies:
    regenerator-runtime "^0.14.0"

"@reach/auto-id@^0.18.0":
  version "0.18.0"
  resolved "https://registry.yarnpkg.com/@reach/auto-id/-/auto-id-0.18.0.tgz#4b97085cd1cf1360a9bedc6e9c78e97824014f0d"
  integrity sha512-XwY1IwhM7mkHZFghhjiqjQ6dstbOdpbFLdggeke75u8/8icT8uEHLbovFUgzKjy9qPvYwZIB87rLiR8WdtOXCg==
  dependencies:
    "@reach/utils" "0.18.0"

"@reach/utils@0.18.0":
  version "0.18.0"
  resolved "https://registry.yarnpkg.com/@reach/utils/-/utils-0.18.0.tgz#4f3cebe093dd436eeaff633809bf0f68f4f9d2ee"
  integrity sha512-KdVMdpTgDyK8FzdKO9SCpiibuy/kbv3pwgfXshTI6tEcQT1OOwj7BAksnzGC0rPz0UholwC+AgkqEl3EJX3M1A==

"@zendeskgarden/container-utilities@^1.0.10":
  version "1.0.10"
  resolved "https://registry.yarnpkg.com/@zendeskgarden/container-utilities/-/container-utilities-1.0.10.tgz#1550160d221bfb4b3be4ec850f632acf21c800dc"
  integrity sha512-c1x3xph/7IE5+zNSDF8B27nbh6LSURQ0pFMdyusbbxo9fIUerh/85+kCk8t1wElYFeNFeB6vVABqKbhO4nlFqw==
  dependencies:
    "@babel/runtime" "^7.8.4"
    "@reach/auto-id" "^0.18.0"

react-uid@^2.2.0:
  version "2.3.3"
  resolved "https://registry.yarnpkg.com/react-uid/-/react-uid-2.3.3.tgz#6a485ccc868555997f3506c6db97a3e735d97adf"
  integrity sha512-iNpDovcb9qBpBTo8iUgqRSQOS8GV3bWoNaTaUptHkXtAooXSo0OWe7vN6TqqB8x3x0bNBbQx96kkmSltQ5h9kQ==
  dependencies:
    tslib "^2.0.0"

regenerator-runtime@^0.14.0:
  version "0.14.0"
  resolved "https://registry.yarnpkg.com/regenerator-runtime/-/regenerator-runtime-0.14.0.tgz#5e19d68eb12d486f797e15a3c6a918f7cec5eb45"
  integrity sha512-srw17NI0TUWHuGa5CFGGmhfNIeja30WMBfbslPNhf6JrqQlLN5gcrvig1oqPxiVaXb0oW0XRKtH6Nngs5lKCIA==

tslib@^2.0.0:
  version "2.5.3"
  resolved "https://registry.yarnpkg.com/tslib/-/tslib-2.5.3.tgz#24944ba2d990940e6e982c4bea147aba80209913"
  integrity sha512-mSxlJJwl3BMEQCUNnxXBU9jP4JBktcEGhURcPR6VQVlnP0FdDEsIaz0C35dXNGLyRfrATNofF0F5p2KPxQgB+w==
