# THIS IS AN AUTOGENERATED FILE. DO NOT EDIT THIS FILE DIRECTLY.
# yarn lockfile v1


"@babel/runtime@^7.8.4":
  version "7.21.0"
  resolved "https://registry.yarnpkg.com/@babel/runtime/-/runtime-7.21.0.tgz#5b55c9d394e5fcf304909a8b00c07dc217b56673"
  integrity sha512-xwII0//EObnq89Ji5AKYQaRYiW/nZ3llSv29d49IuxPhKbtJoLP+9QUUZ4nVragQVtaVGeZrpB+ZtG/Pdy/POw==
  dependencies:
    regenerator-runtime "^0.13.11"

"@reach/auto-id@^0.18.0":
  version "0.18.0"
  resolved "https://registry.yarnpkg.com/@reach/auto-id/-/auto-id-0.18.0.tgz#4b97085cd1cf1360a9bedc6e9c78e97824014f0d"
  integrity sha512-XwY1IwhM7mkHZFghhjiqjQ6dstbOdpbFLdggeke75u8/8icT8uEHLbovFUgzKjy9qPvYwZIB87rLiR8WdtOXCg==
  dependencies:
    "@reach/utils" "0.18.0"

"@reach/utils@0.18.0":
  version "0.18.0"
  resolved "https://registry.yarnpkg.com/@reach/utils/-/utils-0.18.0.tgz#4f3cebe093dd436eeaff633809bf0f68f4f9d2ee"
  integrity sha512-KdVMdpTgDyK8FzdKO9SCpiibuy/kbv3pwgfXshTI6tEcQT1OOwj7BAksnzGC0rPz0UholwC+AgkqEl3EJX3M1A==

"@zendeskgarden/container-selection@^2.0.4":
  version "2.0.4"
  resolved "https://registry.yarnpkg.com/@zendeskgarden/container-selection/-/container-selection-2.0.4.tgz#9dff836d195d0e6f509a0b69002de46a0550fcf6"
  integrity sha512-F/I3731luBgbbkAsR0dwGskCh9bc7Ri4av10FVYYxE5LCHfUDLU1qXix0eEP1y+rVm6nZbZ02w7Hz+HIHcEseg==
  dependencies:
    "@babel/runtime" "^7.8.4"
    "@zendeskgarden/container-utilities" "^1.0.4"

"@zendeskgarden/container-utilities@^1.0.4":
  version "1.0.4"
  resolved "https://registry.yarnpkg.com/@zendeskgarden/container-utilities/-/container-utilities-1.0.4.tgz#95a6197e0fe376d660511632d4f5bc64353502ef"
  integrity sha512-Nk0bKr+xnvL9W2oDHsYM/2SwKBDhm9UeP/kpaIJzOjpfw9lHNGi5wVjxr1vgN57RnWy7H4VO8I9egWbHYC2WNg==
  dependencies:
    "@babel/runtime" "^7.8.4"
    "@reach/auto-id" "^0.18.0"

regenerator-runtime@^0.13.11:
  version "0.13.11"
  resolved "https://registry.yarnpkg.com/regenerator-runtime/-/regenerator-runtime-0.13.11.tgz#f6dca3e7ceec20590d07ada785636a90cdca17f9"
  integrity sha512-kY1AZVr2Ra+t+piVaJ4gxaFaReZVH40AKNo7UCX6W+dEwBo/2oZJzqfuN1qLq1oL45o56cPaTXELwrTh8Fpggg==
