# THIS IS AN AUTOGENERATED FILE. DO NOT EDIT THIS FILE DIRECTLY.
# yarn lockfile v1


"@babel/runtime@^7.8.4":
  version "7.22.3"
  resolved "https://registry.yarnpkg.com/@babel/runtime/-/runtime-7.22.3.tgz#0a7fce51d43adbf0f7b517a71f4c3aaca92ebcbb"
  integrity sha512-XsDuspWKLUsxwCp6r7EhsExHtYfbe5oAGQ19kqngTdCPUoPQzOPdUbD/pB9PJiwb2ptYKQDjSJT3R6dC+EPqfQ==
  dependencies:
    regenerator-runtime "^0.13.11"

"@types/lodash.debounce@4.0.7":
  version "4.0.7"
  resolved "https://registry.yarnpkg.com/@types/lodash.debounce/-/lodash.debounce-4.0.7.tgz#0285879defb7cdb156ae633cecd62d5680eded9f"
  integrity sha512-X1T4wMZ+gT000M2/91SYj0d/7JfeNZ9PeeOldSNoE/lunLeQXKvkmIumI29IaKMotU/ln/McOIvgzZcQ/3TrSA==
  dependencies:
    "@types/lodash" "*"

"@types/lodash@*":
  version "4.14.184"
  resolved "https://registry.yarnpkg.com/@types/lodash/-/lodash-4.14.184.tgz#23f96cd2a21a28e106dc24d825d4aa966de7a9fe"
  integrity sha512-RoZphVtHbxPZizt4IcILciSWiC6dcn+eZ8oX9IWEYfDMcocdd42f7NPI6fQj+6zI8y4E0L7gu2pcZKLGTRaV9Q==

lodash.debounce@^4.0.8:
  version "4.0.8"
  resolved "https://registry.yarnpkg.com/lodash.debounce/-/lodash.debounce-4.0.8.tgz#82d79bff30a67c4005ffd5e2515300ad9ca4d7af"
  integrity sha512-FT1yDzDYEoYWhnSGnpE/4Kj1fLZkDFyqRb7fNt6FdYOSxlUWAtp42Eh6Wb0rGIv/m9Bgo7x4GhQbm5Ys4SG5ow==

regenerator-runtime@^0.13.11:
  version "0.13.11"
  resolved "https://registry.yarnpkg.com/regenerator-runtime/-/regenerator-runtime-0.13.11.tgz#f6dca3e7ceec20590d07ada785636a90cdca17f9"
  integrity sha512-kY1AZVr2Ra+t+piVaJ4gxaFaReZVH40AKNo7UCX6W+dEwBo/2oZJzqfuN1qLq1oL45o56cPaTXELwrTh8Fpggg==
