# THIS IS AN AUTOGENERATED FILE. DO NOT EDIT THIS FILE DIRECTLY.
# yarn lockfile v1


"@babel/runtime@^7.8.4":
  version "7.14.8"
  resolved "https://registry.yarnpkg.com/@babel/runtime/-/runtime-7.14.8.tgz#7119a56f421018852694290b9f9148097391b446"
  integrity sha512-twj3L8Og5SaCRCErB4x4ajbvBIVV77CGeFglHpeg5WC5FF8TZzBWXtTJ4MqaD9QszLYTtr+IsaAL2rEUevb+eg==
  dependencies:
    regenerator-runtime "^0.13.4"

"@types/lodash.debounce@4.0.7":
  version "4.0.7"
  resolved "https://registry.yarnpkg.com/@types/lodash.debounce/-/lodash.debounce-4.0.7.tgz#0285879defb7cdb156ae633cecd62d5680eded9f"
  integrity sha512-X1T4wMZ+gT000M2/91SYj0d/7JfeNZ9PeeOldSNoE/lunLeQXKvkmIumI29IaKMotU/ln/McOIvgzZcQ/3TrSA==
  dependencies:
    "@types/lodash" "*"

"@types/lodash@*":
  version "4.14.184"
  resolved "https://registry.yarnpkg.com/@types/lodash/-/lodash-4.14.184.tgz#23f96cd2a21a28e106dc24d825d4aa966de7a9fe"
  integrity sha512-RoZphVtHbxPZizt4IcILciSWiC6dcn+eZ8oX9IWEYfDMcocdd42f7NPI6fQj+6zI8y4E0L7gu2pcZKLGTRaV9Q==

lodash.debounce@^4.0.8:
  version "4.0.8"
  resolved "https://registry.yarnpkg.com/lodash.debounce/-/lodash.debounce-4.0.8.tgz#82d79bff30a67c4005ffd5e2515300ad9ca4d7af"
  integrity sha512-FT1yDzDYEoYWhnSGnpE/4Kj1fLZkDFyqRb7fNt6FdYOSxlUWAtp42Eh6Wb0rGIv/m9Bgo7x4GhQbm5Ys4SG5ow==

regenerator-runtime@^0.13.4:
  version "0.13.9"
  resolved "https://registry.yarnpkg.com/regenerator-runtime/-/regenerator-runtime-0.13.9.tgz#8925742a98ffd90814988d7566ad30ca3b263b52"
  integrity sha512-p3VT+cOEgxFsRRA9X4lkI1E+k2/CtnKtU4gcxyaCUreilL/vqI6CdZ3wxVUx3UOUg+gnUOQQcRI7BmSI656MYA==
